{
  "name": "microactivaty",
  "version": "1.0.0",
  "lockfileVersion": 3,
  "requires": true,
  "packages": {
    "": {
      "name": "microactivaty",
      "version": "1.0.0",
      "license": "ISC",
      "dependencies": {
        "@miniprogram-component-plus/tabs": "^1.0.0",
        "@vant/weapp": "^1.10.21",
        "vant-weapp": "^0.5.29"
      }
    },
    "node_modules/@miniprogram-component-plus/tabs": {
      "version": "1.0.0",
      "resolved": "https://registry.npmjs.org/@miniprogram-component-plus/tabs/-/tabs-1.0.0.tgz",
      "integrity": "sha512-oV9dFpIoYAz0IbDECS9toS1GHivWoAd1cchxeZKCBV3PoPCEipHOeXQS3K2USr7EY8LDyfg3f0tDAacPfagYjg=="
    },
    "node_modules/@vant/weapp": {
      "version": "1.10.21",
      "resolved": "https://registry.npmjs.org/@vant/weapp/-/weapp-1.10.21.tgz",
      "integrity": "sha512-U/yjHDUGEk/Pg+PJ4spEedKCIH0xPZd2gV15QiLUR3tmlXUNGVAIgU8Mv6NsvFd8Aq7mQuah9xa2A3jtpzbk+g=="
    },
    "node_modules/vant-weapp": {
      "version": "0.5.29",
      "resolved": "https://registry.npmjs.org/vant-weapp/-/vant-weapp-0.5.29.tgz",
      "integrity": "sha512-RMc0Ga914XFwspw2WuOMU8bOHlIkua8X1DoQ/KPnGQzjwT1uEL4S7W186EmaHF1wN2krB9BVd0LdRRt39dGh6Q=="
    }
  }
}
